<?xml version="1.0" encoding="utf-8"?>
<Project ToolsVersion="4.0" xmlns="http://schemas.microsoft.com/developer/msbuild/2003">
  <ItemGroup>
    <Filter Include="Source files">
      <UniqueIdentifier>{730e0c4c-7e16-4f13-9e65-7d7a9719d45e}</UniqueIdentifier>
      <Extensions>cpp;c;cc;cxx;def;odl;idl;hpj;bat;asm;asmx</Extensions>
    </Filter>
    <Filter Include="Header files">
      <UniqueIdentifier>{071bbf83-b565-4db0-92e7-c2623ba2fb45}</UniqueIdentifier>
      <Extensions>h;hpp;hxx;hm;inl;inc;xsd</Extensions>
    </Filter>
    <Filter Include="Resource files">
      <UniqueIdentifier>{901cfe49-0ba6-4c17-a3a2-0a717591729c}</UniqueIdentifier>
      <Extensions>rc;ico;cur;bmp;dlg;rc2;rct;bin;rgs;gif;jpg;jpeg;jpe;resx;tiff;tif;png;wav</Extensions>
    </Filter>
  </ItemGroup>
  <ItemGroup>
    <ClCompile Include="kgdboe_main.c">
      <Filter>Source files</Filter>
    </ClCompile>
    <ClCompile Include="netpoll_wrapper.h">
      <Filter>Header files</Filter>
    </ClCompile>
    <ClCompile Include="netpoll_wrapper.c">
      <Filter>Source files</Filter>
    </ClCompile>
    <ClCompile Include="poll_copy.c">
      <Filter>Source files</Filter>
    </ClCompile>
    <ClCompile Include="kgdboe_io.c">
      <Filter>Source files</Filter>
    </ClCompile>
    <ClCompile Include="nethook.c">
      <Filter>Source files</Filter>
    </ClCompile>
    <ClCompile Include="irqsync.c">
      <Filter>Source files</Filter>
    </ClCompile>
    <ClCompile Include="spinhook.c">
      <Filter>Source files</Filter>
    </ClCompile>
    <ClCompile Include="timerhook.c">
      <Filter>Source files</Filter>
    </ClCompile>
  </ItemGroup>
  <ItemGroup>
    <None Include="Makefile">
      <Filter>Source files</Filter>
    </None>
  </ItemGroup>
  <ItemGroup>
    <ClInclude Include="kgdboe_io.h">
      <Filter>Header files</Filter>
    </ClInclude>
    <ClInclude Include="nethook.h">
      <Filter>Header files</Filter>
    </ClInclude>
    <ClInclude Include="irqsync.h">
      <Filter>Header files</Filter>
    </ClInclude>
    <ClInclude Include="spinhook.h">
      <Filter>Header files</Filter>
    </ClInclude>
    <ClInclude Include="timerhook.h">
      <Filter>Header files</Filter>
    </ClInclude>
    <ClInclude Include="tracewrapper.h">
      <Filter>Header files</Filter>
    </ClInclude>
  </ItemGroup>
</Project>